
Microsoft Visual Studio Solution File, Format Version 11.00
# Visual Studio 2010
Project("{FAE04EC0-301F-11D3-BF4B-00C04F79EFBC}") = "PWC.SLMS.Sim", "SolarLoadModel\PWC.SLMS.Sim.csproj", "{F871DB06-EB95-4326-9DB9-7AF31EEAE5D5}"
EndProject
Project("{FAE04EC0-301F-11D3-BF4B-00C04F79EFBC}") = "PWC.SLMS.ConsoleTests", "ConsoleTests\PWC.SLMS.ConsoleTests.csproj", "{AFFB328B-9B93-4FB4-ABB8-A1170CEAFA86}"
	ProjectSection(ProjectDependencies) = postProject
		{F871DB06-EB95-4326-9DB9-7AF31EEAE5D5} = {F871DB06-EB95-4326-9DB9-7AF31EEAE5D5}
	EndProjectSection
EndProject
Project("{2150E333-8FDC-42A3-9474-1A3956D46DE8}") = "Algorithms", "Algorithms", "{C31C86E3-D4AE-44CB-9143-D4A8A77FA2D7}"
EndProject
Project("{FAE04EC0-301F-11D3-BF4B-00C04F79EFBC}") = "PWC.SLMS.Algorithms.PvSimple", "Algorithms\PWC.SLMS.Algorithms.PvSimple\PWC.SLMS.Algorithms.PvSimple.csproj", "{6617A9B5-067C-4473-A69D-06526D323A31}"
EndProject
Project("{FAE04EC0-301F-11D3-BF4B-00C04F79EFBC}") = "PWC.SLMS.Algorithms.PvNone", "Algorithms\PWC.SLMS.Algorithms.PvNone\PWC.SLMS.Algorithms.PvNone.csproj", "{EDD3AC1D-36ED-44F0-AA18-0B3036E54318}"
EndProject
Project("{54435603-DBB4-11D2-8724-00A0C9A8B90C}") = "Deployment", "Deployment\Deployment.vdproj", "{418681E4-C063-4D94-A1C8-367095DFE102}"
EndProject
Global
	GlobalSection(SolutionConfigurationPlatforms) = preSolution
		Debug|Any CPU = Debug|Any CPU
		Debug|Mixed Platforms = Debug|Mixed Platforms
		Debug|x86 = Debug|x86
		Release|Any CPU = Release|Any CPU
		Release|Mixed Platforms = Release|Mixed Platforms
		Release|x86 = Release|x86
	EndGlobalSection
	GlobalSection(ProjectConfigurationPlatforms) = postSolution
		{F871DB06-EB95-4326-9DB9-7AF31EEAE5D5}.Debug|Any CPU.ActiveCfg = Debug|x86
		{F871DB06-EB95-4326-9DB9-7AF31EEAE5D5}.Debug|Mixed Platforms.ActiveCfg = Debug|x86
		{F871DB06-EB95-4326-9DB9-7AF31EEAE5D5}.Debug|Mixed Platforms.Build.0 = Debug|x86
		{F871DB06-EB95-4326-9DB9-7AF31EEAE5D5}.Debug|x86.ActiveCfg = Debug|x86
		{F871DB06-EB95-4326-9DB9-7AF31EEAE5D5}.Debug|x86.Build.0 = Debug|x86
		{F871DB06-EB95-4326-9DB9-7AF31EEAE5D5}.Release|Any CPU.ActiveCfg = Release|x86
		{F871DB06-EB95-4326-9DB9-7AF31EEAE5D5}.Release|Mixed Platforms.ActiveCfg = Release|x86
		{F871DB06-EB95-4326-9DB9-7AF31EEAE5D5}.Release|Mixed Platforms.Build.0 = Release|x86
		{F871DB06-EB95-4326-9DB9-7AF31EEAE5D5}.Release|x86.ActiveCfg = Release|x86
		{F871DB06-EB95-4326-9DB9-7AF31EEAE5D5}.Release|x86.Build.0 = Release|x86
		{AFFB328B-9B93-4FB4-ABB8-A1170CEAFA86}.Debug|Any CPU.ActiveCfg = Debug|Any CPU
		{AFFB328B-9B93-4FB4-ABB8-A1170CEAFA86}.Debug|Any CPU.Build.0 = Debug|Any CPU
		{AFFB328B-9B93-4FB4-ABB8-A1170CEAFA86}.Debug|Mixed Platforms.ActiveCfg = Debug|Any CPU
		{AFFB328B-9B93-4FB4-ABB8-A1170CEAFA86}.Debug|Mixed Platforms.Build.0 = Debug|Any CPU
		{AFFB328B-9B93-4FB4-ABB8-A1170CEAFA86}.Debug|x86.ActiveCfg = Debug|Any CPU
		{AFFB328B-9B93-4FB4-ABB8-A1170CEAFA86}.Release|Any CPU.ActiveCfg = Release|Any CPU
		{AFFB328B-9B93-4FB4-ABB8-A1170CEAFA86}.Release|Any CPU.Build.0 = Release|Any CPU
		{AFFB328B-9B93-4FB4-ABB8-A1170CEAFA86}.Release|Mixed Platforms.ActiveCfg = Release|Any CPU
		{AFFB328B-9B93-4FB4-ABB8-A1170CEAFA86}.Release|Mixed Platforms.Build.0 = Release|Any CPU
		{AFFB328B-9B93-4FB4-ABB8-A1170CEAFA86}.Release|x86.ActiveCfg = Release|Any CPU
		{6617A9B5-067C-4473-A69D-06526D323A31}.Debug|Any CPU.ActiveCfg = Debug|Any CPU
		{6617A9B5-067C-4473-A69D-06526D323A31}.Debug|Any CPU.Build.0 = Debug|Any CPU
		{6617A9B5-067C-4473-A69D-06526D323A31}.Debug|Mixed Platforms.ActiveCfg = Debug|Any CPU
		{6617A9B5-067C-4473-A69D-06526D323A31}.Debug|Mixed Platforms.Build.0 = Debug|Any CPU
		{6617A9B5-067C-4473-A69D-06526D323A31}.Debug|x86.ActiveCfg = Debug|Any CPU
		{6617A9B5-067C-4473-A69D-06526D323A31}.Release|Any CPU.ActiveCfg = Release|Any CPU
		{6617A9B5-067C-4473-A69D-06526D323A31}.Release|Any CPU.Build.0 = Release|Any CPU
		{6617A9B5-067C-4473-A69D-06526D323A31}.Release|Mixed Platforms.ActiveCfg = Release|Any CPU
		{6617A9B5-067C-4473-A69D-06526D323A31}.Release|Mixed Platforms.Build.0 = Release|Any CPU
		{6617A9B5-067C-4473-A69D-06526D323A31}.Release|x86.ActiveCfg = Release|Any CPU
		{EDD3AC1D-36ED-44F0-AA18-0B3036E54318}.Debug|Any CPU.ActiveCfg = Debug|Any CPU
		{EDD3AC1D-36ED-44F0-AA18-0B3036E54318}.Debug|Any CPU.Build.0 = Debug|Any CPU
		{EDD3AC1D-36ED-44F0-AA18-0B3036E54318}.Debug|Mixed Platforms.ActiveCfg = Debug|Any CPU
		{EDD3AC1D-36ED-44F0-AA18-0B3036E54318}.Debug|Mixed Platforms.Build.0 = Debug|Any CPU
		{EDD3AC1D-36ED-44F0-AA18-0B3036E54318}.Debug|x86.ActiveCfg = Debug|Any CPU
		{EDD3AC1D-36ED-44F0-AA18-0B3036E54318}.Release|Any CPU.ActiveCfg = Release|Any CPU
		{EDD3AC1D-36ED-44F0-AA18-0B3036E54318}.Release|Any CPU.Build.0 = Release|Any CPU
		{EDD3AC1D-36ED-44F0-AA18-0B3036E54318}.Release|Mixed Platforms.ActiveCfg = Release|Any CPU
		{EDD3AC1D-36ED-44F0-AA18-0B3036E54318}.Release|Mixed Platforms.Build.0 = Release|Any CPU
		{EDD3AC1D-36ED-44F0-AA18-0B3036E54318}.Release|x86.ActiveCfg = Release|Any CPU
		{418681E4-C063-4D94-A1C8-367095DFE102}.Debug|Any CPU.ActiveCfg = Debug
		{418681E4-C063-4D94-A1C8-367095DFE102}.Debug|Mixed Platforms.ActiveCfg = Debug
		{418681E4-C063-4D94-A1C8-367095DFE102}.Debug|x86.ActiveCfg = Debug
		{418681E4-C063-4D94-A1C8-367095DFE102}.Release|Any CPU.ActiveCfg = Release
		{418681E4-C063-4D94-A1C8-367095DFE102}.Release|Mixed Platforms.ActiveCfg = Release
		{418681E4-C063-4D94-A1C8-367095DFE102}.Release|x86.ActiveCfg = Release
	EndGlobalSection
	GlobalSection(SolutionProperties) = preSolution
		HideSolutionNode = FALSE
	EndGlobalSection
	GlobalSection(NestedProjects) = preSolution
		{6617A9B5-067C-4473-A69D-06526D323A31} = {C31C86E3-D4AE-44CB-9143-D4A8A77FA2D7}
		{EDD3AC1D-36ED-44F0-AA18-0B3036E54318} = {C31C86E3-D4AE-44CB-9143-D4A8A77FA2D7}
	EndGlobalSection
EndGlobal
